
Microsoft Visual Studio Solution File, Format Version 12.00
# Visual Studio Version 17
VisualStudioVersion = 17.11.35208.52
MinimumVisualStudioVersion = 10.0.40219.1
Project("{9A19103F-16F7-4668-BE54-9A1E7A4F7556}") = "Regulation.Components.Razor", "Regulation.Components.Razor\Regulation.Components.Razor.csproj", "{2E197BB9-5B96-4C17-AA0A-018EFF0842E6}"
EndProject
Project("{9A19103F-16F7-4668-BE54-9A1E7A4F7556}") = "Regulation.Components", "Regulation.Components\Regulation.Components.csproj", "{D7509FF5-E196-47BE-A358-C916978971BD}"
EndProject
Project("{9A19103F-16F7-4668-BE54-9A1E7A4F7556}") = "Lionk.Rpi.Gpio.Razor", "..\Lionk-Rpi-Component\src\Lionk.Rpi.Gpio.Razor\Lionk.Rpi.Gpio.Razor.csproj", "{E399C491-4F18-4295-9889-5D538C5A31F0}"
EndProject
Project("{9A19103F-16F7-4668-BE54-9A1E7A4F7556}") = "Lionk.Rpi.Gpio", "..\Lionk-Rpi-Component\src\Lionk.Rpi.Gpio\Lionk.Rpi.Gpio.csproj", "{869E1445-E9E4-43F6-AABC-F16DD6EA7726}"
EndProject
Project("{9A19103F-16F7-4668-BE54-9A1E7A4F7556}") = "Lionk.Core", "..\Lionk\src\Lib\Lionk.Core\Lionk.Core.csproj", "{066ECDFE-3CB9-4BF9-A210-F5EAAEEAE28E}"
EndProject
Project("{9A19103F-16F7-4668-BE54-9A1E7A4F7556}") = "Lionk.Core.Razor", "..\Lionk\src\Lib\Lionk.Core.Razor\Lionk.Core.Razor.csproj", "{989AF77E-AFC2-4EFA-944C-92E46A1C4403}"
EndProject
Project("{9A19103F-16F7-4668-BE54-9A1E7A4F7556}") = "Lionk.Rpi.TemperatureSensor", "..\Lionk-Rpi-Component\src\Lionk.Rpi.TemperatureSensor\Lionk.Rpi.TemperatureSensor.csproj", "{E01D13F6-84F7-4045-94BD-1D0CF614CE2B}"
EndProject
Project("{9A19103F-16F7-4668-BE54-9A1E7A4F7556}") = "Lionk.Rpi.TemperatureSensor.Razor", "..\Lionk-Rpi-Component\src\Lionk.Rpi.TemperatureSensor.Razor\Lionk.Rpi.TemperatureSensor.Razor.csproj", "{1EBB9823-B02F-4EDC-922A-F54F8E5FEF78}"
EndProject
Project("{9A19103F-16F7-4668-BE54-9A1E7A4F7556}") = "LionkApp", "..\Lionk\src\App\LionkApp\LionkApp.csproj", "{4185EADA-94E7-445E-BFAD-4BF70BCF5034}"
EndProject
Project("{9A19103F-16F7-4668-BE54-9A1E7A4F7556}") = "Lionk.Auth", "..\Lionk\src\Lib\Lionk.Auth\Lionk.Auth.csproj", "{458B5B33-A692-4CD9-8761-ABB465B58C13}"
EndProject
Project("{9A19103F-16F7-4668-BE54-9A1E7A4F7556}") = "Lionk.Plugin", "..\Lionk\src\Lib\Lionk.Plugin\Lionk.Plugin.csproj", "{D7AFD830-BEF5-406F-9977-5E626A9CC284}"
EndProject
Project("{9A19103F-16F7-4668-BE54-9A1E7A4F7556}") = "Lionk.Auth.Razor", "..\Lionk\src\Lib\Lionk.Auth.Razor\Lionk.Auth.Razor.csproj", "{F99BDE5B-D5B6-4D3C-A312-7B63750E9A7A}"
EndProject
Project("{9A19103F-16F7-4668-BE54-9A1E7A4F7556}") = "Lionk.Plugin.Blazor", "..\Lionk\src\Lib\Lionk.Plugin.Blazor\Lionk.Plugin.Blazor.csproj", "{7CE6D86B-3FD3-4891-B100-22C2659EF580}"
EndProject
Global
	GlobalSection(SolutionConfigurationPlatforms) = preSolution
		Debug|Any CPU = Debug|Any CPU
		Debug|x64 = Debug|x64
		Debug|x86 = Debug|x86
		Release|Any CPU = Release|Any CPU
		Release|x64 = Release|x64
		Release|x86 = Release|x86
	EndGlobalSection
	GlobalSection(ProjectConfigurationPlatforms) = postSolution
		{2E197BB9-5B96-4C17-AA0A-018EFF0842E6}.Debug|Any CPU.ActiveCfg = Debug|Any CPU
		{2E197BB9-5B96-4C17-AA0A-018EFF0842E6}.Debug|Any CPU.Build.0 = Debug|Any CPU
		{2E197BB9-5B96-4C17-AA0A-018EFF0842E6}.Debug|x64.ActiveCfg = Debug|Any CPU
		{2E197BB9-5B96-4C17-AA0A-018EFF0842E6}.Debug|x64.Build.0 = Debug|Any CPU
		{2E197BB9-5B96-4C17-AA0A-018EFF0842E6}.Debug|x86.ActiveCfg = Debug|Any CPU
		{2E197BB9-5B96-4C17-AA0A-018EFF0842E6}.Debug|x86.Build.0 = Debug|Any CPU
		{2E197BB9-5B96-4C17-AA0A-018EFF0842E6}.Release|Any CPU.ActiveCfg = Release|Any CPU
		{2E197BB9-5B96-4C17-AA0A-018EFF0842E6}.Release|Any CPU.Build.0 = Release|Any CPU
		{2E197BB9-5B96-4C17-AA0A-018EFF0842E6}.Release|x64.ActiveCfg = Release|Any CPU
		{2E197BB9-5B96-4C17-AA0A-018EFF0842E6}.Release|x64.Build.0 = Release|Any CPU
		{2E197BB9-5B96-4C17-AA0A-018EFF0842E6}.Release|x86.ActiveCfg = Release|Any CPU
		{2E197BB9-5B96-4C17-AA0A-018EFF0842E6}.Release|x86.Build.0 = Release|Any CPU
		{D7509FF5-E196-47BE-A358-C916978971BD}.Debug|Any CPU.ActiveCfg = Debug|Any CPU
		{D7509FF5-E196-47BE-A358-C916978971BD}.Debug|Any CPU.Build.0 = Debug|Any CPU
		{D7509FF5-E196-47BE-A358-C916978971BD}.Debug|x64.ActiveCfg = Debug|Any CPU
		{D7509FF5-E196-47BE-A358-C916978971BD}.Debug|x64.Build.0 = Debug|Any CPU
		{D7509FF5-E196-47BE-A358-C916978971BD}.Debug|x86.ActiveCfg = Debug|Any CPU
		{D7509FF5-E196-47BE-A358-C916978971BD}.Debug|x86.Build.0 = Debug|Any CPU
		{D7509FF5-E196-47BE-A358-C916978971BD}.Release|Any CPU.ActiveCfg = Release|Any CPU
		{D7509FF5-E196-47BE-A358-C916978971BD}.Release|Any CPU.Build.0 = Release|Any CPU
		{D7509FF5-E196-47BE-A358-C916978971BD}.Release|x64.ActiveCfg = Release|Any CPU
		{D7509FF5-E196-47BE-A358-C916978971BD}.Release|x64.Build.0 = Release|Any CPU
		{D7509FF5-E196-47BE-A358-C916978971BD}.Release|x86.ActiveCfg = Release|Any CPU
		{D7509FF5-E196-47BE-A358-C916978971BD}.Release|x86.Build.0 = Release|Any CPU
		{E399C491-4F18-4295-9889-5D538C5A31F0}.Debug|Any CPU.ActiveCfg = Debug|Any CPU
		{E399C491-4F18-4295-9889-5D538C5A31F0}.Debug|Any CPU.Build.0 = Debug|Any CPU
		{E399C491-4F18-4295-9889-5D538C5A31F0}.Debug|x64.ActiveCfg = Debug|x64
		{E399C491-4F18-4295-9889-5D538C5A31F0}.Debug|x64.Build.0 = Debug|x64
		{E399C491-4F18-4295-9889-5D538C5A31F0}.Debug|x86.ActiveCfg = Debug|x86
		{E399C491-4F18-4295-9889-5D538C5A31F0}.Debug|x86.Build.0 = Debug|x86
		{E399C491-4F18-4295-9889-5D538C5A31F0}.Release|Any CPU.ActiveCfg = Release|Any CPU
		{E399C491-4F18-4295-9889-5D538C5A31F0}.Release|Any CPU.Build.0 = Release|Any CPU
		{E399C491-4F18-4295-9889-5D538C5A31F0}.Release|x64.ActiveCfg = Release|x64
		{E399C491-4F18-4295-9889-5D538C5A31F0}.Release|x64.Build.0 = Release|x64
		{E399C491-4F18-4295-9889-5D538C5A31F0}.Release|x86.ActiveCfg = Release|x86
		{E399C491-4F18-4295-9889-5D538C5A31F0}.Release|x86.Build.0 = Release|x86
		{869E1445-E9E4-43F6-AABC-F16DD6EA7726}.Debug|Any CPU.ActiveCfg = Debug|Any CPU
		{869E1445-E9E4-43F6-AABC-F16DD6EA7726}.Debug|Any CPU.Build.0 = Debug|Any CPU
		{869E1445-E9E4-43F6-AABC-F16DD6EA7726}.Debug|x64.ActiveCfg = Debug|x64
		{869E1445-E9E4-43F6-AABC-F16DD6EA7726}.Debug|x64.Build.0 = Debug|x64
		{869E1445-E9E4-43F6-AABC-F16DD6EA7726}.Debug|x86.ActiveCfg = Debug|x86
		{869E1445-E9E4-43F6-AABC-F16DD6EA7726}.Debug|x86.Build.0 = Debug|x86
		{869E1445-E9E4-43F6-AABC-F16DD6EA7726}.Release|Any CPU.ActiveCfg = Release|Any CPU
		{869E1445-E9E4-43F6-AABC-F16DD6EA7726}.Release|Any CPU.Build.0 = Release|Any CPU
		{869E1445-E9E4-43F6-AABC-F16DD6EA7726}.Release|x64.ActiveCfg = Release|x64
		{869E1445-E9E4-43F6-AABC-F16DD6EA7726}.Release|x64.Build.0 = Release|x64
		{869E1445-E9E4-43F6-AABC-F16DD6EA7726}.Release|x86.ActiveCfg = Release|x86
		{869E1445-E9E4-43F6-AABC-F16DD6EA7726}.Release|x86.Build.0 = Release|x86
		{066ECDFE-3CB9-4BF9-A210-F5EAAEEAE28E}.Debug|Any CPU.ActiveCfg = Debug|Any CPU
		{066ECDFE-3CB9-4BF9-A210-F5EAAEEAE28E}.Debug|Any CPU.Build.0 = Debug|Any CPU
		{066ECDFE-3CB9-4BF9-A210-F5EAAEEAE28E}.Debug|x64.ActiveCfg = Debug|x64
		{066ECDFE-3CB9-4BF9-A210-F5EAAEEAE28E}.Debug|x64.Build.0 = Debug|x64
		{066ECDFE-3CB9-4BF9-A210-F5EAAEEAE28E}.Debug|x86.ActiveCfg = Debug|x86
		{066ECDFE-3CB9-4BF9-A210-F5EAAEEAE28E}.Debug|x86.Build.0 = Debug|x86
		{066ECDFE-3CB9-4BF9-A210-F5EAAEEAE28E}.Release|Any CPU.ActiveCfg = Release|Any CPU
		{066ECDFE-3CB9-4BF9-A210-F5EAAEEAE28E}.Release|Any CPU.Build.0 = Release|Any CPU
		{066ECDFE-3CB9-4BF9-A210-F5EAAEEAE28E}.Release|x64.ActiveCfg = Release|x64
		{066ECDFE-3CB9-4BF9-A210-F5EAAEEAE28E}.Release|x64.Build.0 = Release|x64
		{066ECDFE-3CB9-4BF9-A210-F5EAAEEAE28E}.Release|x86.ActiveCfg = Release|x86
		{066ECDFE-3CB9-4BF9-A210-F5EAAEEAE28E}.Release|x86.Build.0 = Release|x86
		{989AF77E-AFC2-4EFA-944C-92E46A1C4403}.Debug|Any CPU.ActiveCfg = Debug|Any CPU
		{989AF77E-AFC2-4EFA-944C-92E46A1C4403}.Debug|Any CPU.Build.0 = Debug|Any CPU
		{989AF77E-AFC2-4EFA-944C-92E46A1C4403}.Debug|x64.ActiveCfg = Debug|x64
		{989AF77E-AFC2-4EFA-944C-92E46A1C4403}.Debug|x64.Build.0 = Debug|x64
		{989AF77E-AFC2-4EFA-944C-92E46A1C4403}.Debug|x86.ActiveCfg = Debug|x86
		{989AF77E-AFC2-4EFA-944C-92E46A1C4403}.Debug|x86.Build.0 = Debug|x86
		{989AF77E-AFC2-4EFA-944C-92E46A1C4403}.Release|Any CPU.ActiveCfg = Release|Any CPU
		{989AF77E-AFC2-4EFA-944C-92E46A1C4403}.Release|Any CPU.Build.0 = Release|Any CPU
		{989AF77E-AFC2-4EFA-944C-92E46A1C4403}.Release|x64.ActiveCfg = Release|x64
		{989AF77E-AFC2-4EFA-944C-92E46A1C4403}.Release|x64.Build.0 = Release|x64
		{989AF77E-AFC2-4EFA-944C-92E46A1C4403}.Release|x86.ActiveCfg = Release|x86
		{989AF77E-AFC2-4EFA-944C-92E46A1C4403}.Release|x86.Build.0 = Release|x86
		{E01D13F6-84F7-4045-94BD-1D0CF614CE2B}.Debug|Any CPU.ActiveCfg = Debug|Any CPU
		{E01D13F6-84F7-4045-94BD-1D0CF614CE2B}.Debug|Any CPU.Build.0 = Debug|Any CPU
		{E01D13F6-84F7-4045-94BD-1D0CF614CE2B}.Debug|x64.ActiveCfg = Debug|x64
		{E01D13F6-84F7-4045-94BD-1D0CF614CE2B}.Debug|x64.Build.0 = Debug|x64
		{E01D13F6-84F7-4045-94BD-1D0CF614CE2B}.Debug|x86.ActiveCfg = Debug|x86
		{E01D13F6-84F7-4045-94BD-1D0CF614CE2B}.Debug|x86.Build.0 = Debug|x86
		{E01D13F6-84F7-4045-94BD-1D0CF614CE2B}.Release|Any CPU.ActiveCfg = Release|Any CPU
		{E01D13F6-84F7-4045-94BD-1D0CF614CE2B}.Release|Any CPU.Build.0 = Release|Any CPU
		{E01D13F6-84F7-4045-94BD-1D0CF614CE2B}.Release|x64.ActiveCfg = Release|x64
		{E01D13F6-84F7-4045-94BD-1D0CF614CE2B}.Release|x64.Build.0 = Release|x64
		{E01D13F6-84F7-4045-94BD-1D0CF614CE2B}.Release|x86.ActiveCfg = Release|x86
		{E01D13F6-84F7-4045-94BD-1D0CF614CE2B}.Release|x86.Build.0 = Release|x86
		{1EBB9823-B02F-4EDC-922A-F54F8E5FEF78}.Debug|Any CPU.ActiveCfg = Debug|Any CPU
		{1EBB9823-B02F-4EDC-922A-F54F8E5FEF78}.Debug|Any CPU.Build.0 = Debug|Any CPU
		{1EBB9823-B02F-4EDC-922A-F54F8E5FEF78}.Debug|x64.ActiveCfg = Debug|x64
		{1EBB9823-B02F-4EDC-922A-F54F8E5FEF78}.Debug|x64.Build.0 = Debug|x64
		{1EBB9823-B02F-4EDC-922A-F54F8E5FEF78}.Debug|x86.ActiveCfg = Debug|x86
		{1EBB9823-B02F-4EDC-922A-F54F8E5FEF78}.Debug|x86.Build.0 = Debug|x86
		{1EBB9823-B02F-4EDC-922A-F54F8E5FEF78}.Release|Any CPU.ActiveCfg = Release|Any CPU
		{1EBB9823-B02F-4EDC-922A-F54F8E5FEF78}.Release|Any CPU.Build.0 = Release|Any CPU
		{1EBB9823-B02F-4EDC-922A-F54F8E5FEF78}.Release|x64.ActiveCfg = Release|x64
		{1EBB9823-B02F-4EDC-922A-F54F8E5FEF78}.Release|x64.Build.0 = Release|x64
		{1EBB9823-B02F-4EDC-922A-F54F8E5FEF78}.Release|x86.ActiveCfg = Release|x86
		{1EBB9823-B02F-4EDC-922A-F54F8E5FEF78}.Release|x86.Build.0 = Release|x86
		{4185EADA-94E7-445E-BFAD-4BF70BCF5034}.Debug|Any CPU.ActiveCfg = Debug|Any CPU
		{4185EADA-94E7-445E-BFAD-4BF70BCF5034}.Debug|Any CPU.Build.0 = Debug|Any CPU
		{4185EADA-94E7-445E-BFAD-4BF70BCF5034}.Debug|x64.ActiveCfg = Debug|x64
		{4185EADA-94E7-445E-BFAD-4BF70BCF5034}.Debug|x64.Build.0 = Debug|x64
		{4185EADA-94E7-445E-BFAD-4BF70BCF5034}.Debug|x86.ActiveCfg = Debug|x86
		{4185EADA-94E7-445E-BFAD-4BF70BCF5034}.Debug|x86.Build.0 = Debug|x86
		{4185EADA-94E7-445E-BFAD-4BF70BCF5034}.Release|Any CPU.ActiveCfg = Release|Any CPU
		{4185EADA-94E7-445E-BFAD-4BF70BCF5034}.Release|Any CPU.Build.0 = Release|Any CPU
		{4185EADA-94E7-445E-BFAD-4BF70BCF5034}.Release|x64.ActiveCfg = Release|x64
		{4185EADA-94E7-445E-BFAD-4BF70BCF5034}.Release|x64.Build.0 = Release|x64
		{4185EADA-94E7-445E-BFAD-4BF70BCF5034}.Release|x86.ActiveCfg = Release|x86
		{4185EADA-94E7-445E-BFAD-4BF70BCF5034}.Release|x86.Build.0 = Release|x86
		{458B5B33-A692-4CD9-8761-ABB465B58C13}.Debug|Any CPU.ActiveCfg = Debug|Any CPU
		{458B5B33-A692-4CD9-8761-ABB465B58C13}.Debug|Any CPU.Build.0 = Debug|Any CPU
		{458B5B33-A692-4CD9-8761-ABB465B58C13}.Debug|x64.ActiveCfg = Debug|x64
		{458B5B33-A692-4CD9-8761-ABB465B58C13}.Debug|x64.Build.0 = Debug|x64
		{458B5B33-A692-4CD9-8761-ABB465B58C13}.Debug|x86.ActiveCfg = Debug|x86
		{458B5B33-A692-4CD9-8761-ABB465B58C13}.Debug|x86.Build.0 = Debug|x86
		{458B5B33-A692-4CD9-8761-ABB465B58C13}.Release|Any CPU.ActiveCfg = Release|Any CPU
		{458B5B33-A692-4CD9-8761-ABB465B58C13}.Release|Any CPU.Build.0 = Release|Any CPU
		{458B5B33-A692-4CD9-8761-ABB465B58C13}.Release|x64.ActiveCfg = Release|x64
		{458B5B33-A692-4CD9-8761-ABB465B58C13}.Release|x64.Build.0 = Release|x64
		{458B5B33-A692-4CD9-8761-ABB465B58C13}.Release|x86.ActiveCfg = Release|x86
		{458B5B33-A692-4CD9-8761-ABB465B58C13}.Release|x86.Build.0 = Release|x86
		{D7AFD830-BEF5-406F-9977-5E626A9CC284}.Debug|Any CPU.ActiveCfg = Debug|Any CPU
		{D7AFD830-BEF5-406F-9977-5E626A9CC284}.Debug|Any CPU.Build.0 = Debug|Any CPU
		{D7AFD830-BEF5-406F-9977-5E626A9CC284}.Debug|x64.ActiveCfg = Debug|x64
		{D7AFD830-BEF5-406F-9977-5E626A9CC284}.Debug|x64.Build.0 = Debug|x64
		{D7AFD830-BEF5-406F-9977-5E626A9CC284}.Debug|x86.ActiveCfg = Debug|x86
		{D7AFD830-BEF5-406F-9977-5E626A9CC284}.Debug|x86.Build.0 = Debug|x86
		{D7AFD830-BEF5-406F-9977-5E626A9CC284}.Release|Any CPU.ActiveCfg = Release|Any CPU
		{D7AFD830-BEF5-406F-9977-5E626A9CC284}.Release|Any CPU.Build.0 = Release|Any CPU
		{D7AFD830-BEF5-406F-9977-5E626A9CC284}.Release|x64.ActiveCfg = Release|x64
		{D7AFD830-BEF5-406F-9977-5E626A9CC284}.Release|x64.Build.0 = Release|x64
		{D7AFD830-BEF5-406F-9977-5E626A9CC284}.Release|x86.ActiveCfg = Release|x86
		{D7AFD830-BEF5-406F-9977-5E626A9CC284}.Release|x86.Build.0 = Release|x86
		{F99BDE5B-D5B6-4D3C-A312-7B63750E9A7A}.Debug|Any CPU.ActiveCfg = Debug|Any CPU
		{F99BDE5B-D5B6-4D3C-A312-7B63750E9A7A}.Debug|Any CPU.Build.0 = Debug|Any CPU
		{F99BDE5B-D5B6-4D3C-A312-7B63750E9A7A}.Debug|x64.ActiveCfg = Debug|x64
		{F99BDE5B-D5B6-4D3C-A312-7B63750E9A7A}.Debug|x64.Build.0 = Debug|x64
		{F99BDE5B-D5B6-4D3C-A312-7B63750E9A7A}.Debug|x86.ActiveCfg = Debug|x86
		{F99BDE5B-D5B6-4D3C-A312-7B63750E9A7A}.Debug|x86.Build.0 = Debug|x86
		{F99BDE5B-D5B6-4D3C-A312-7B63750E9A7A}.Release|Any CPU.ActiveCfg = Release|Any CPU
		{F99BDE5B-D5B6-4D3C-A312-7B63750E9A7A}.Release|Any CPU.Build.0 = Release|Any CPU
		{F99BDE5B-D5B6-4D3C-A312-7B63750E9A7A}.Release|x64.ActiveCfg = Release|x64
		{F99BDE5B-D5B6-4D3C-A312-7B63750E9A7A}.Release|x64.Build.0 = Release|x64
		{F99BDE5B-D5B6-4D3C-A312-7B63750E9A7A}.Release|x86.ActiveCfg = Release|x86
		{F99BDE5B-D5B6-4D3C-A312-7B63750E9A7A}.Release|x86.Build.0 = Release|x86
		{7CE6D86B-3FD3-4891-B100-22C2659EF580}.Debug|Any CPU.ActiveCfg = Debug|Any CPU
		{7CE6D86B-3FD3-4891-B100-22C2659EF580}.Debug|Any CPU.Build.0 = Debug|Any CPU
		{7CE6D86B-3FD3-4891-B100-22C2659EF580}.Debug|x64.ActiveCfg = Debug|x64
		{7CE6D86B-3FD3-4891-B100-22C2659EF580}.Debug|x64.Build.0 = Debug|x64
		{7CE6D86B-3FD3-4891-B100-22C2659EF580}.Debug|x86.ActiveCfg = Debug|x86
		{7CE6D86B-3FD3-4891-B100-22C2659EF580}.Debug|x86.Build.0 = Debug|x86
		{7CE6D86B-3FD3-4891-B100-22C2659EF580}.Release|Any CPU.ActiveCfg = Release|Any CPU
		{7CE6D86B-3FD3-4891-B100-22C2659EF580}.Release|Any CPU.Build.0 = Release|Any CPU
		{7CE6D86B-3FD3-4891-B100-22C2659EF580}.Release|x64.ActiveCfg = Release|x64
		{7CE6D86B-3FD3-4891-B100-22C2659EF580}.Release|x64.Build.0 = Release|x64
		{7CE6D86B-3FD3-4891-B100-22C2659EF580}.Release|x86.ActiveCfg = Release|x86
		{7CE6D86B-3FD3-4891-B100-22C2659EF580}.Release|x86.Build.0 = Release|x86
	EndGlobalSection
	GlobalSection(SolutionProperties) = preSolution
		HideSolutionNode = FALSE
	EndGlobalSection
	GlobalSection(ExtensibilityGlobals) = postSolution
		SolutionGuid = {08989A7C-64EF-4891-A70B-D2E3272C1BFB}
	EndGlobalSection
EndGlobal
